
Microsoft Visual Studio Solution File, Format Version 12.00
# Visual Studio Version 17
VisualStudioVersion = 17.5.002.0
MinimumVisualStudioVersion = 10.0.40219.1
Project("{9A19103F-16F7-4668-BE54-9A1E7A4F7556}") = "CSharp_FW", "CSharp_FW.csproj", "{4F69C092-9EA4-44A6-9C02-595D4D44D7EF}"
EndProject
Global
	GlobalSection(SolutionConfigurationPlatforms) = preSolution
		Debug|Any CPU = Debug|Any CPU
		Release|Any CPU = Release|Any CPU
	EndGlobalSection
	GlobalSection(ProjectConfigurationPlatforms) = postSolution
		{4F69C092-9EA4-44A6-9C02-595D4D44D7EF}.Debug|Any CPU.ActiveCfg = Debug|Any CPU
		{4F69C092-9EA4-44A6-9C02-595D4D44D7EF}.Debug|Any CPU.Build.0 = Debug|Any CPU
		{4F69C092-9EA4-44A6-9C02-595D4D44D7EF}.Release|Any CPU.ActiveCfg = Release|Any CPU
		{4F69C092-9EA4-44A6-9C02-595D4D44D7EF}.Release|Any CPU.Build.0 = Release|Any CPU
	EndGlobalSection
	GlobalSection(SolutionProperties) = preSolution
		HideSolutionNode = FALSE
	EndGlobalSection
	GlobalSection(ExtensibilityGlobals) = postSolution
		SolutionGuid = {2E193055-0DD5-43B3-BACF-C30959905ADF}
	EndGlobalSection
EndGlobal
